// !$*UTF8*$!
{
	archiveVersion = 1;
	classes = {
	};
	objectVersion = 46;
	objects = {

/* Begin PBXBuildFile section */
		68B1E2DD245211CF52342F1B /* Pods_ConvertibleArchiver_ConvertibleArchiverTests.framework in Frameworks */ = {isa = PBXBuildFile; fileRef = C24DD54DD5B801D437D372B0 /* Pods_ConvertibleArchiver_ConvertibleArchiverTests.framework */; };
		A28A52CF1CBDACDF006891A3 /* ConvertibleArchiver.h in Headers */ = {isa = PBXBuildFile; fileRef = A28A52CE1CBDACDF006891A3 /* ConvertibleArchiver.h */; settings = {ATTRIBUTES = (Public, ); }; };
		A28A52D61CBDACE1006891A3 /* ConvertibleArchiver.framework in Frameworks */ = {isa = PBXBuildFile; fileRef = A28A52CB1CBDACDF006891A3 /* ConvertibleArchiver.framework */; };
		A28A52DB1CBDACE1006891A3 /* ConvertibleArchiverTests.swift in Sources */ = {isa = PBXBuildFile; fileRef = A28A52DA1CBDACE1006891A3 /* ConvertibleArchiverTests.swift */; };
		A28A52E61CBDAD61006891A3 /* ConvertibleArchiver.podspec in Resources */ = {isa = PBXBuildFile; fileRef = A28A52E51CBDAD61006891A3 /* ConvertibleArchiver.podspec */; };
		A28A52E81CBDAE18006891A3 /* Archiver.swift in Sources */ = {isa = PBXBuildFile; fileRef = A28A52E71CBDAE18006891A3 /* Archiver.swift */; };
		A28A52EC1CBDCECF006891A3 /* BundleData in Resources */ = {isa = PBXBuildFile; fileRef = A28A52E91CBDCE48006891A3 /* BundleData */; };
		D4A34F8691679B5802558E6B /* Pods_ConvertibleArchiver.framework in Frameworks */ = {isa = PBXBuildFile; fileRef = 5FF687EF1A611A8ADF27235F /* Pods_ConvertibleArchiver.framework */; };
		DB192CA6230BC1146B82D0B9 /* Pods_ConvertibleArchiverTests.framework in Frameworks */ = {isa = PBXBuildFile; fileRef = 4832A63F6E270F395232A0BF /* Pods_ConvertibleArchiverTests.framework */; };
/* End PBXBuildFile section */

/* Begin PBXContainerItemProxy section */
		A28A52D71CBDACE1006891A3 /* PBXContainerItemProxy */ = {
			isa = PBXContainerItemProxy;
			containerPortal = A28A52C21CBDACDF006891A3 /* Project object */;
			proxyType = 1;
			remoteGlobalIDString = A28A52CA1CBDACDF006891A3;
			remoteInfo = ConvertibleArchiver;
		};
/* End PBXContainerItemProxy section */

/* Begin PBXFileReference section */
		2821D3E3206104D18D576375 /* Pods-ConvertibleArchiver.debug.xcconfig */ = {isa = PBXFileReference; includeInIndex = 1; lastKnownFileType = text.xcconfig; name = "Pods-ConvertibleArchiver.debug.xcconfig"; path = "Pods/Target Support Files/Pods-ConvertibleArchiver/Pods-ConvertibleArchiver.debug.xcconfig"; sourceTree = "<group>"; };
		4832A63F6E270F395232A0BF /* Pods_ConvertibleArchiverTests.framework */ = {isa = PBXFileReference; explicitFileType = wrapper.framework; includeInIndex = 0; path = Pods_ConvertibleArchiverTests.framework; sourceTree = BUILT_PRODUCTS_DIR; };
		4FD614B2926F203DF5FA93FC /* Pods-ConvertibleArchiver-ConvertibleArchiverTests.release.xcconfig */ = {isa = PBXFileReference; includeInIndex = 1; lastKnownFileType = text.xcconfig; name = "Pods-ConvertibleArchiver-ConvertibleArchiverTests.release.xcconfig"; path = "Pods/Target Support Files/Pods-ConvertibleArchiver-ConvertibleArchiverTests/Pods-ConvertibleArchiver-ConvertibleArchiverTests.release.xcconfig"; sourceTree = "<group>"; };
		5D08E14C577D8ED881ECC019 /* Pods-ConvertibleArchiverTests.debug.xcconfig */ = {isa = PBXFileReference; includeInIndex = 1; lastKnownFileType = text.xcconfig; name = "Pods-ConvertibleArchiverTests.debug.xcconfig"; path = "Pods/Target Support Files/Pods-ConvertibleArchiverTests/Pods-ConvertibleArchiverTests.debug.xcconfig"; sourceTree = "<group>"; };
		5FF687EF1A611A8ADF27235F /* Pods_ConvertibleArchiver.framework */ = {isa = PBXFileReference; explicitFileType = wrapper.framework; includeInIndex = 0; path = Pods_ConvertibleArchiver.framework; sourceTree = BUILT_PRODUCTS_DIR; };
		681FFAC6F6E30A56483C6D74 /* Pods-ConvertibleArchiver-ConvertibleArchiverTests.debug.xcconfig */ = {isa = PBXFileReference; includeInIndex = 1; lastKnownFileType = text.xcconfig; name = "Pods-ConvertibleArchiver-ConvertibleArchiverTests.debug.xcconfig"; path = "Pods/Target Support Files/Pods-ConvertibleArchiver-ConvertibleArchiverTests/Pods-ConvertibleArchiver-ConvertibleArchiverTests.debug.xcconfig"; sourceTree = "<group>"; };
		9454CBE7E27649D79F048FC0 /* Pods-ConvertibleArchiver.release.xcconfig */ = {isa = PBXFileReference; includeInIndex = 1; lastKnownFileType = text.xcconfig; name = "Pods-ConvertibleArchiver.release.xcconfig"; path = "Pods/Target Support Files/Pods-ConvertibleArchiver/Pods-ConvertibleArchiver.release.xcconfig"; sourceTree = "<group>"; };
		A28A52CB1CBDACDF006891A3 /* ConvertibleArchiver.framework */ = {isa = PBXFileReference; explicitFileType = wrapper.framework; includeInIndex = 0; path = ConvertibleArchiver.framework; sourceTree = BUILT_PRODUCTS_DIR; };
		A28A52CE1CBDACDF006891A3 /* ConvertibleArchiver.h */ = {isa = PBXFileReference; lastKnownFileType = sourcecode.c.h; path = ConvertibleArchiver.h; sourceTree = "<group>"; };
		A28A52D01CBDACDF006891A3 /* Info.plist */ = {isa = PBXFileReference; lastKnownFileType = text.plist.xml; path = Info.plist; sourceTree = "<group>"; };
		A28A52D51CBDACE1006891A3 /* ConvertibleArchiverTests.xctest */ = {isa = PBXFileReference; explicitFileType = wrapper.cfbundle; includeInIndex = 0; path = ConvertibleArchiverTests.xctest; sourceTree = BUILT_PRODUCTS_DIR; };
		A28A52DA1CBDACE1006891A3 /* ConvertibleArchiverTests.swift */ = {isa = PBXFileReference; lastKnownFileType = sourcecode.swift; path = ConvertibleArchiverTests.swift; sourceTree = "<group>"; };
		A28A52DC1CBDACE1006891A3 /* Info.plist */ = {isa = PBXFileReference; lastKnownFileType = text.plist.xml; path = Info.plist; sourceTree = "<group>"; };
		A28A52E51CBDAD61006891A3 /* ConvertibleArchiver.podspec */ = {isa = PBXFileReference; fileEncoding = 4; lastKnownFileType = text; path = ConvertibleArchiver.podspec; sourceTree = "<group>"; };
		A28A52E71CBDAE18006891A3 /* Archiver.swift */ = {isa = PBXFileReference; fileEncoding = 4; lastKnownFileType = sourcecode.swift; path = Archiver.swift; sourceTree = "<group>"; };
		A28A52E91CBDCE48006891A3 /* BundleData */ = {isa = PBXFileReference; fileEncoding = 4; lastKnownFileType = text; name = BundleData; path = ConvertibleArchiverTests/BundleData; sourceTree = SOURCE_ROOT; };
		C24DD54DD5B801D437D372B0 /* Pods_ConvertibleArchiver_ConvertibleArchiverTests.framework */ = {isa = PBXFileReference; explicitFileType = wrapper.framework; includeInIndex = 0; path = Pods_ConvertibleArchiver_ConvertibleArchiverTests.framework; sourceTree = BUILT_PRODUCTS_DIR; };
		D0A5BE9A957C11CE2415A0DF /* Pods-ConvertibleArchiverTests.release.xcconfig */ = {isa = PBXFileReference; includeInIndex = 1; lastKnownFileType = text.xcconfig; name = "Pods-ConvertibleArchiverTests.release.xcconfig"; path = "Pods/Target Support Files/Pods-ConvertibleArchiverTests/Pods-ConvertibleArchiverTests.release.xcconfig"; sourceTree = "<group>"; };
/* End PBXFileReference section */

/* Begin PBXFrameworksBuildPhase section */
		A28A52C71CBDACDF006891A3 /* Frameworks */ = {
			isa = PBXFrameworksBuildPhase;
			buildActionMask = 2147483647;
			files = (
				D4A34F8691679B5802558E6B /* Pods_ConvertibleArchiver.framework in Frameworks */,
			);
			runOnlyForDeploymentPostprocessing = 0;
		};
		A28A52D21CBDACE1006891A3 /* Frameworks */ = {
			isa = PBXFrameworksBuildPhase;
			buildActionMask = 2147483647;
			files = (
				A28A52D61CBDACE1006891A3 /* ConvertibleArchiver.framework in Frameworks */,
				68B1E2DD245211CF52342F1B /* Pods_ConvertibleArchiver_ConvertibleArchiverTests.framework in Frameworks */,
				DB192CA6230BC1146B82D0B9 /* Pods_ConvertibleArchiverTests.framework in Frameworks */,
			);
			runOnlyForDeploymentPostprocessing = 0;
		};
/* End PBXFrameworksBuildPhase section */

/* Begin PBXGroup section */
		A28A52C11CBDACDF006891A3 = {
			isa = PBXGroup;
			children = (
				A28A52CD1CBDACDF006891A3 /* ConvertibleArchiver */,
				A28A52D91CBDACE1006891A3 /* ConvertibleArchiverTests */,
				BDE644782C9FC5BE3331E53B /* Frameworks */,
				F0539E03123C94AC7DBB3580 /* Pods */,
				A28A52CC1CBDACDF006891A3 /* Products */,
				A28A52E51CBDAD61006891A3 /* ConvertibleArchiver.podspec */,
			);
			sourceTree = "<group>";
		};
		A28A52CC1CBDACDF006891A3 /* Products */ = {
			isa = PBXGroup;
			children = (
				A28A52CB1CBDACDF006891A3 /* ConvertibleArchiver.framework */,
				A28A52D51CBDACE1006891A3 /* ConvertibleArchiverTests.xctest */,
			);
			name = Products;
			sourceTree = "<group>";
		};
		A28A52CD1CBDACDF006891A3 /* ConvertibleArchiver */ = {
			isa = PBXGroup;
			children = (
				A28A52CE1CBDACDF006891A3 /* ConvertibleArchiver.h */,
				A28A52E71CBDAE18006891A3 /* Archiver.swift */,
				A28A52D01CBDACDF006891A3 /* Info.plist */,
			);
			path = ConvertibleArchiver;
			sourceTree = "<group>";
		};
		A28A52D91CBDACE1006891A3 /* ConvertibleArchiverTests */ = {
			isa = PBXGroup;
			children = (
				A28A52DA1CBDACE1006891A3 /* ConvertibleArchiverTests.swift */,
				A28A52E91CBDCE48006891A3 /* BundleData */,
				A28A52DC1CBDACE1006891A3 /* Info.plist */,
			);
			path = ConvertibleArchiverTests;
			sourceTree = "<group>";
		};
		BDE644782C9FC5BE3331E53B /* Frameworks */ = {
			isa = PBXGroup;
			children = (
				5FF687EF1A611A8ADF27235F /* Pods_ConvertibleArchiver.framework */,
				C24DD54DD5B801D437D372B0 /* Pods_ConvertibleArchiver_ConvertibleArchiverTests.framework */,
				4832A63F6E270F395232A0BF /* Pods_ConvertibleArchiverTests.framework */,
			);
			name = Frameworks;
			sourceTree = "<group>";
		};
		F0539E03123C94AC7DBB3580 /* Pods */ = {
			isa = PBXGroup;
			children = (
				2821D3E3206104D18D576375 /* Pods-ConvertibleArchiver.debug.xcconfig */,
				9454CBE7E27649D79F048FC0 /* Pods-ConvertibleArchiver.release.xcconfig */,
				5D08E14C577D8ED881ECC019 /* Pods-ConvertibleArchiverTests.debug.xcconfig */,
				D0A5BE9A957C11CE2415A0DF /* Pods-ConvertibleArchiverTests.release.xcconfig */,
				681FFAC6F6E30A56483C6D74 /* Pods-ConvertibleArchiver-ConvertibleArchiverTests.debug.xcconfig */,
				4FD614B2926F203DF5FA93FC /* Pods-ConvertibleArchiver-ConvertibleArchiverTests.release.xcconfig */,
			);
			name = Pods;
			sourceTree = "<group>";
		};
/* End PBXGroup section */

/* Begin PBXHeadersBuildPhase section */
		A28A52C81CBDACDF006891A3 /* Headers */ = {
			isa = PBXHeadersBuildPhase;
			buildActionMask = 2147483647;
			files = (
				A28A52CF1CBDACDF006891A3 /* ConvertibleArchiver.h in Headers */,
			);
			runOnlyForDeploymentPostprocessing = 0;
		};
/* End PBXHeadersBuildPhase section */

/* Begin PBXNativeTarget section */
		A28A52CA1CBDACDF006891A3 /* ConvertibleArchiver */ = {
			isa = PBXNativeTarget;
			buildConfigurationList = A28A52DF1CBDACE1006891A3 /* Build configuration list for PBXNativeTarget "ConvertibleArchiver" */;
			buildPhases = (
				7FEC0AAF89ED7E116F434438 /* [CP] Check Pods Manifest.lock */,
				A28A52C61CBDACDF006891A3 /* Sources */,
				A28A52C71CBDACDF006891A3 /* Frameworks */,
				A28A52C81CBDACDF006891A3 /* Headers */,
				A28A52C91CBDACDF006891A3 /* Resources */,
				F2FB0EACE89B650C095907CD /* [CP] Copy Pods Resources */,
			);
			buildRules = (
			);
			dependencies = (
			);
			name = ConvertibleArchiver;
			productName = ConvertibleArchiver;
			productReference = A28A52CB1CBDACDF006891A3 /* ConvertibleArchiver.framework */;
			productType = "com.apple.product-type.framework";
		};
		A28A52D41CBDACE1006891A3 /* ConvertibleArchiverTests */ = {
			isa = PBXNativeTarget;
			buildConfigurationList = A28A52E21CBDACE1006891A3 /* Build configuration list for PBXNativeTarget "ConvertibleArchiverTests" */;
			buildPhases = (
				A9616133C9C8725262DC8148 /* [CP] Check Pods Manifest.lock */,
				A28A52D11CBDACE1006891A3 /* Sources */,
				A28A52D21CBDACE1006891A3 /* Frameworks */,
				A28A52D31CBDACE1006891A3 /* Resources */,
				99A6E20305C949D2EB06BA4F /* [CP] Embed Pods Frameworks */,
				CD289907371738A6F6EBB403 /* [CP] Copy Pods Resources */,
			);
			buildRules = (
			);
			dependencies = (
				A28A52D81CBDACE1006891A3 /* PBXTargetDependency */,
			);
			name = ConvertibleArchiverTests;
			productName = ConvertibleArchiverTests;
			productReference = A28A52D51CBDACE1006891A3 /* ConvertibleArchiverTests.xctest */;
			productType = "com.apple.product-type.bundle.unit-test";
		};
/* End PBXNativeTarget section */

/* Begin PBXProject section */
		A28A52C21CBDACDF006891A3 /* Project object */ = {
			isa = PBXProject;
			attributes = {
				LastSwiftUpdateCheck = 0730;
				LastUpgradeCheck = 0810;
				ORGANIZATIONNAME = "Brad Hilton";
				TargetAttributes = {
					A28A52CA1CBDACDF006891A3 = {
						CreatedOnToolsVersion = 7.3;
						LastSwiftMigration = 0810;
					};
					A28A52D41CBDACE1006891A3 = {
						CreatedOnToolsVersion = 7.3;
						LastSwiftMigration = 0810;
					};
				};
			};
			buildConfigurationList = A28A52C51CBDACDF006891A3 /* Build configuration list for PBXProject "ConvertibleArchiver" */;
			compatibilityVersion = "Xcode 3.2";
			developmentRegion = English;
			hasScannedForEncodings = 0;
			knownRegions = (
				en,
			);
			mainGroup = A28A52C11CBDACDF006891A3;
			productRefGroup = A28A52CC1CBDACDF006891A3 /* Products */;
			projectDirPath = "";
			projectRoot = "";
			targets = (
				A28A52CA1CBDACDF006891A3 /* ConvertibleArchiver */,
				A28A52D41CBDACE1006891A3 /* ConvertibleArchiverTests */,
			);
		};
/* End PBXProject section */

/* Begin PBXResourcesBuildPhase section */
		A28A52C91CBDACDF006891A3 /* Resources */ = {
			isa = PBXResourcesBuildPhase;
			buildActionMask = 2147483647;
			files = (
				A28A52E61CBDAD61006891A3 /* ConvertibleArchiver.podspec in Resources */,
			);
			runOnlyForDeploymentPostprocessing = 0;
		};
		A28A52D31CBDACE1006891A3 /* Resources */ = {
			isa = PBXResourcesBuildPhase;
			buildActionMask = 2147483647;
			files = (
				A28A52EC1CBDCECF006891A3 /* BundleData in Resources */,
			);
			runOnlyForDeploymentPostprocessing = 0;
		};
/* End PBXResourcesBuildPhase section */

/* Begin PBXShellScriptBuildPhase section */
		7FEC0AAF89ED7E116F434438 /* [CP] Check Pods Manifest.lock */ = {
			isa = PBXShellScriptBuildPhase;
			buildActionMask = 2147483647;
			files = (
			);
			inputPaths = (
			);
			name = "[CP] Check Pods Manifest.lock";
			outputPaths = (
			);
			runOnlyForDeploymentPostprocessing = 0;
			shellPath = /bin/sh;
			shellScript = "diff \"${PODS_ROOT}/../Podfile.lock\" \"${PODS_ROOT}/Manifest.lock\" > /dev/null\nif [ $? != 0 ] ; then\n    # print error to STDERR\n    echo \"error: The sandbox is not in sync with the Podfile.lock. Run 'pod install' or update your CocoaPods installation.\" >&2\n    exit 1\nfi\n";
			showEnvVarsInLog = 0;
		};
		99A6E20305C949D2EB06BA4F /* [CP] Embed Pods Frameworks */ = {
			isa = PBXShellScriptBuildPhase;
			buildActionMask = 2147483647;
			files = (
			);
			inputPaths = (
			);
			name = "[CP] Embed Pods Frameworks";
			outputPaths = (
			);
			runOnlyForDeploymentPostprocessing = 0;
			shellPath = /bin/sh;
			shellScript = "\"${SRCROOT}/Pods/Target Support Files/Pods-ConvertibleArchiver-ConvertibleArchiverTests/Pods-ConvertibleArchiver-ConvertibleArchiverTests-frameworks.sh\"\n";
			showEnvVarsInLog = 0;
		};
		A9616133C9C8725262DC8148 /* [CP] Check Pods Manifest.lock */ = {
			isa = PBXShellScriptBuildPhase;
			buildActionMask = 2147483647;
			files = (
			);
			inputPaths = (
			);
			name = "[CP] Check Pods Manifest.lock";
			outputPaths = (
			);
			runOnlyForDeploymentPostprocessing = 0;
			shellPath = /bin/sh;
			shellScript = "diff \"${PODS_ROOT}/../Podfile.lock\" \"${PODS_ROOT}/Manifest.lock\" > /dev/null\nif [ $? != 0 ] ; then\n    # print error to STDERR\n    echo \"error: The sandbox is not in sync with the Podfile.lock. Run 'pod install' or update your CocoaPods installation.\" >&2\n    exit 1\nfi\n";
			showEnvVarsInLog = 0;
		};
		CD289907371738A6F6EBB403 /* [CP] Copy Pods Resources */ = {
			isa = PBXShellScriptBuildPhase;
			buildActionMask = 2147483647;
			files = (
			);
			inputPaths = (
			);
			name = "[CP] Copy Pods Resources";
			outputPaths = (
			);
			runOnlyForDeploymentPostprocessing = 0;
			shellPath = /bin/sh;
			shellScript = "\"${SRCROOT}/Pods/Target Support Files/Pods-ConvertibleArchiver-ConvertibleArchiverTests/Pods-ConvertibleArchiver-ConvertibleArchiverTests-resources.sh\"\n";
			showEnvVarsInLog = 0;
		};
		F2FB0EACE89B650C095907CD /* [CP] Copy Pods Resources */ = {
			isa = PBXShellScriptBuildPhase;
			buildActionMask = 2147483647;
			files = (
			);
			inputPaths = (
			);
			name = "[CP] Copy Pods Resources";
			outputPaths = (
			);
			runOnlyForDeploymentPostprocessing = 0;
			shellPath = /bin/sh;
			shellScript = "\"${SRCROOT}/Pods/Target Support Files/Pods-ConvertibleArchiver/Pods-ConvertibleArchiver-resources.sh\"\n";
			showEnvVarsInLog = 0;
		};
/* End PBXShellScriptBuildPhase section */

/* Begin PBXSourcesBuildPhase section */
		A28A52C61CBDACDF006891A3 /* Sources */ = {
			isa = PBXSourcesBuildPhase;
			buildActionMask = 2147483647;
			files = (
				A28A52E81CBDAE18006891A3 /* Archiver.swift in Sources */,
			);
			runOnlyForDeploymentPostprocessing = 0;
		};
		A28A52D11CBDACE1006891A3 /* Sources */ = {
			isa = PBXSourcesBuildPhase;
			buildActionMask = 2147483647;
			files = (
				A28A52DB1CBDACE1006891A3 /* ConvertibleArchiverTests.swift in Sources */,
			);
			runOnlyForDeploymentPostprocessing = 0;
		};
/* End PBXSourcesBuildPhase section */

/* Begin PBXTargetDependency section */
		A28A52D81CBDACE1006891A3 /* PBXTargetDependency */ = {
			isa = PBXTargetDependency;
			target = A28A52CA1CBDACDF006891A3 /* ConvertibleArchiver */;
			targetProxy = A28A52D71CBDACE1006891A3 /* PBXContainerItemProxy */;
		};
/* End PBXTargetDependency section */

/* Begin XCBuildConfiguration section */
		A28A52DD1CBDACE1006891A3 /* Debug */ = {
			isa = XCBuildConfiguration;
			buildSettings = {
				ALWAYS_SEARCH_USER_PATHS = NO;
				CLANG_ANALYZER_NONNULL = YES;
				CLANG_CXX_LANGUAGE_STANDARD = "gnu++0x";
				CLANG_CXX_LIBRARY = "libc++";
				CLANG_ENABLE_MODULES = YES;
				CLANG_ENABLE_OBJC_ARC = YES;
				CLANG_WARN_BOOL_CONVERSION = YES;
				CLANG_WARN_CONSTANT_CONVERSION = YES;
				CLANG_WARN_DIRECT_OBJC_ISA_USAGE = YES_ERROR;
				CLANG_WARN_EMPTY_BODY = YES;
				CLANG_WARN_ENUM_CONVERSION = YES;
				CLANG_WARN_INFINITE_RECURSION = YES;
				CLANG_WARN_INT_CONVERSION = YES;
				CLANG_WARN_OBJC_ROOT_CLASS = YES_ERROR;
				CLANG_WARN_SUSPICIOUS_MOVE = YES;
				CLANG_WARN_UNREACHABLE_CODE = YES;
				CLANG_WARN__DUPLICATE_METHOD_MATCH = YES;
				"CODE_SIGN_IDENTITY[sdk=iphoneos*]" = "iPhone Developer";
				COPY_PHASE_STRIP = NO;
				CURRENT_PROJECT_VERSION = 1;
				DEBUG_INFORMATION_FORMAT = dwarf;
				ENABLE_STRICT_OBJC_MSGSEND = YES;
				ENABLE_TESTABILITY = YES;
				GCC_C_LANGUAGE_STANDARD = gnu99;
				GCC_DYNAMIC_NO_PIC = NO;
				GCC_NO_COMMON_BLOCKS = YES;
				GCC_OPTIMIZATION_LEVEL = 0;
				GCC_PREPROCESSOR_DEFINITIONS = (
					"DEBUG=1",
					"$(inherited)",
				);
				GCC_WARN_64_TO_32_BIT_CONVERSION = YES;
				GCC_WARN_ABOUT_RETURN_TYPE = YES_ERROR;
				GCC_WARN_UNDECLARED_SELECTOR = YES;
				GCC_WARN_UNINITIALIZED_AUTOS = YES_AGGRESSIVE;
				GCC_WARN_UNUSED_FUNCTION = YES;
				GCC_WARN_UNUSED_VARIABLE = YES;
				IPHONEOS_DEPLOYMENT_TARGET = 9.3;
				MTL_ENABLE_DEBUG_INFO = YES;
				ONLY_ACTIVE_ARCH = YES;
				SDKROOT = iphoneos;
				SWIFT_OPTIMIZATION_LEVEL = "-Onone";
				TARGETED_DEVICE_FAMILY = "1,2";
				VERSIONING_SYSTEM = "apple-generic";
				VERSION_INFO_PREFIX = "";
			};
			name = Debug;
		};
		A28A52DE1CBDACE1006891A3 /* Release */ = {
			isa = XCBuildConfiguration;
			buildSettings = {
				ALWAYS_SEARCH_USER_PATHS = NO;
				CLANG_ANALYZER_NONNULL = YES;
				CLANG_CXX_LANGUAGE_STANDARD = "gnu++0x";
				CLANG_CXX_LIBRARY = "libc++";
				CLANG_ENABLE_MODULES = YES;
				CLANG_ENABLE_OBJC_ARC = YES;
				CLANG_WARN_BOOL_CONVERSION = YES;
				CLANG_WARN_CONSTANT_CONVERSION = YES;
				CLANG_WARN_DIRECT_OBJC_ISA_USAGE = YES_ERROR;
				CLANG_WARN_EMPTY_BODY = YES;
				CLANG_WARN_ENUM_CONVERSION = YES;
				CLANG_WARN_INFINITE_RECURSION = YES;
				CLANG_WARN_INT_CONVERSION = YES;
				CLANG_WARN_OBJC_ROOT_CLASS = YES_ERROR;
				CLANG_WARN_SUSPICIOUS_MOVE = YES;
				CLANG_WARN_UNREACHABLE_CODE = YES;
				CLANG_WARN__DUPLICATE_METHOD_MATCH = YES;
				"CODE_SIGN_IDENTITY[sdk=iphoneos*]" = "iPhone Developer";
				COPY_PHASE_STRIP = NO;
				CURRENT_PROJECT_VERSION = 1;
				DEBUG_INFORMATION_FORMAT = "dwarf-with-dsym";
				ENABLE_NS_ASSERTIONS = NO;
				ENABLE_STRICT_OBJC_MSGSEND = YES;
				GCC_C_LANGUAGE_STANDARD = gnu99;
				GCC_NO_COMMON_BLOCKS = YES;
				GCC_WARN_64_TO_32_BIT_CONVERSION = YES;
				GCC_WARN_ABOUT_RETURN_TYPE = YES_ERROR;
				GCC_WARN_UNDECLARED_SELECTOR = YES;
				GCC_WARN_UNINITIALIZED_AUTOS = YES_AGGRESSIVE;
				GCC_WARN_UNUSED_FUNCTION = YES;
				GCC_WARN_UNUSED_VARIABLE = YES;
				IPHONEOS_DEPLOYMENT_TARGET = 9.3;
				MTL_ENABLE_DEBUG_INFO = NO;
				SDKROOT = iphoneos;
				SWIFT_OPTIMIZATION_LEVEL = "-Owholemodule";
				TARGETED_DEVICE_FAMILY = "1,2";
				VALIDATE_PRODUCT = YES;
				VERSIONING_SYSTEM = "apple-generic";
				VERSION_INFO_PREFIX = "";
			};
			name = Release;
		};
		A28A52E01CBDACE1006891A3 /* Debug */ = {
			isa = XCBuildConfiguration;
			baseConfigurationReference = 2821D3E3206104D18D576375 /* Pods-ConvertibleArchiver.debug.xcconfig */;
			buildSettings = {
				CLANG_ENABLE_MODULES = YES;
				"CODE_SIGN_IDENTITY[sdk=iphoneos*]" = "";
				DEFINES_MODULE = YES;
				DYLIB_COMPATIBILITY_VERSION = 1;
				DYLIB_CURRENT_VERSION = 1;
				DYLIB_INSTALL_NAME_BASE = "@rpath";
				INFOPLIST_FILE = ConvertibleArchiver/Info.plist;
				INSTALL_PATH = "$(LOCAL_LIBRARY_DIR)/Frameworks";
				LD_RUNPATH_SEARCH_PATHS = "$(inherited) @executable_path/Frameworks @loader_path/Frameworks";
				PRODUCT_BUNDLE_IDENTIFIER = com.bradhilton.ConvertibleArchiver;
				PRODUCT_NAME = "$(TARGET_NAME)";
				SKIP_INSTALL = YES;
				SWIFT_OPTIMIZATION_LEVEL = "-Onone";
				SWIFT_VERSION = 3.0;
			};
			name = Debug;
		};
		A28A52E11CBDACE1006891A3 /* Release */ = {
			isa = XCBuildConfiguration;
			baseConfigurationReference = 9454CBE7E27649D79F048FC0 /* Pods-ConvertibleArchiver.release.xcconfig */;
			buildSettings = {
				CLANG_ENABLE_MODULES = YES;
				"CODE_SIGN_IDENTITY[sdk=iphoneos*]" = "";
				DEFINES_MODULE = YES;
				DYLIB_COMPATIBILITY_VERSION = 1;
				DYLIB_CURRENT_VERSION = 1;
				DYLIB_INSTALL_NAME_BASE = "@rpath";
				INFOPLIST_FILE = ConvertibleArchiver/Info.plist;
				INSTALL_PATH = "$(LOCAL_LIBRARY_DIR)/Frameworks";
				LD_RUNPATH_SEARCH_PATHS = "$(inherited) @executable_path/Frameworks @loader_path/Frameworks";
				PRODUCT_BUNDLE_IDENTIFIER = com.bradhilton.ConvertibleArchiver;
				PRODUCT_NAME = "$(TARGET_NAME)";
				SKIP_INSTALL = YES;
				SWIFT_VERSION = 3.0;
			};
			name = Release;
		};
		A28A52E31CBDACE1006891A3 /* Debug */ = {
			isa = XCBuildConfiguration;
			baseConfigurationReference = 681FFAC6F6E30A56483C6D74 /* Pods-ConvertibleArchiver-ConvertibleArchiverTests.debug.xcconfig */;
			buildSettings = {
				ALWAYS_EMBED_SWIFT_STANDARD_LIBRARIES = YES;
				INFOPLIST_FILE = ConvertibleArchiverTests/Info.plist;
				LD_RUNPATH_SEARCH_PATHS = "$(inherited) @executable_path/Frameworks @loader_path/Frameworks";
				PRODUCT_BUNDLE_IDENTIFIER = com.bradhilton.ConvertibleArchiverTests;
				PRODUCT_NAME = "$(TARGET_NAME)";
				SWIFT_VERSION = 3.0;
			};
			name = Debug;
		};
		A28A52E41CBDACE1006891A3 /* Release */ = {
			isa = XCBuildConfiguration;
			baseConfigurationReference = 4FD614B2926F203DF5FA93FC /* Pods-ConvertibleArchiver-ConvertibleArchiverTests.release.xcconfig */;
			buildSettings = {
				ALWAYS_EMBED_SWIFT_STANDARD_LIBRARIES = YES;
				INFOPLIST_FILE = ConvertibleArchiverTests/Info.plist;
				LD_RUNPATH_SEARCH_PATHS = "$(inherited) @executable_path/Frameworks @loader_path/Frameworks";
				PRODUCT_BUNDLE_IDENTIFIER = com.bradhilton.ConvertibleArchiverTests;
				PRODUCT_NAME = "$(TARGET_NAME)";
				SWIFT_VERSION = 3.0;
			};
			name = Release;
		};
/* End XCBuildConfiguration section */

/* Begin XCConfigurationList section */
		A28A52C51CBDACDF006891A3 /* Build configuration list for PBXProject "ConvertibleArchiver" */ = {
			isa = XCConfigurationList;
			buildConfigurations = (
				A28A52DD1CBDACE1006891A3 /* Debug */,
				A28A52DE1CBDACE1006891A3 /* Release */,
			);
			defaultConfigurationIsVisible = 0;
			defaultConfigurationName = Release;
		};
		A28A52DF1CBDACE1006891A3 /* Build configuration list for PBXNativeTarget "ConvertibleArchiver" */ = {
			isa = XCConfigurationList;
			buildConfigurations = (
				A28A52E01CBDACE1006891A3 /* Debug */,
				A28A52E11CBDACE1006891A3 /* Release */,
			);
			defaultConfigurationIsVisible = 0;
			defaultConfigurationName = Release;
		};
		A28A52E21CBDACE1006891A3 /* Build configuration list for PBXNativeTarget "ConvertibleArchiverTests" */ = {
			isa = XCConfigurationList;
			buildConfigurations = (
				A28A52E31CBDACE1006891A3 /* Debug */,
				A28A52E41CBDACE1006891A3 /* Release */,
			);
			defaultConfigurationIsVisible = 0;
			defaultConfigurationName = Release;
		};
/* End XCConfigurationList section */
	};
	rootObject = A28A52C21CBDACDF006891A3 /* Project object */;
}
